// !$*UTF8*$!
{
	archiveVersion = 1;
	classes = {
	};
	objectVersion = 50;
	objects = {

/* Begin PBXBuildFile section */
		2509022E25DD7DA200F7F05C /* SwiftUIDynamicNavigationApp.swift in Sources */ = {isa = PBXBuildFile; fileRef = 2509022D25DD7DA200F7F05C /* SwiftUIDynamicNavigationApp.swift */; };
		2509023025DD7DA200F7F05C /* ContentView.swift in Sources */ = {isa = PBXBuildFile; fileRef = 2509022F25DD7DA200F7F05C /* ContentView.swift */; };
		2509023225DD7DA400F7F05C /* Assets.xcassets in Resources */ = {isa = PBXBuildFile; fileRef = 2509023125DD7DA400F7F05C /* Assets.xcassets */; };
		2509023525DD7DA400F7F05C /* Preview Assets.xcassets in Resources */ = {isa = PBXBuildFile; fileRef = 2509023425DD7DA400F7F05C /* Preview Assets.xcassets */; };
		2509023D25DD7E0900F7F05C /* Coordinator.swift in Sources */ = {isa = PBXBuildFile; fileRef = 2509023C25DD7E0900F7F05C /* Coordinator.swift */; };
		2509024125DD7E5E00F7F05C /* AppState.swift in Sources */ = {isa = PBXBuildFile; fileRef = 2509024025DD7E5E00F7F05C /* AppState.swift */; };
		25B569F125F12C59005E6E78 /* ContainerView.swift in Sources */ = {isa = PBXBuildFile; fileRef = 25B569F025F12C59005E6E78 /* ContainerView.swift */; };
		25B569F325F23BC4005E6E78 /* ProgressView.swift in Sources */ = {isa = PBXBuildFile; fileRef = 25B569F225F23BC4005E6E78 /* ProgressView.swift */; };
		25B569F525F23CBB005E6E78 /* ActionsHandler.swift in Sources */ = {isa = PBXBuildFile; fileRef = 25B569F425F23CBB005E6E78 /* ActionsHandler.swift */; };
		25B569F725F28E1B005E6E78 /* ContainerViewModel.swift in Sources */ = {isa = PBXBuildFile; fileRef = 25B569F625F28E1B005E6E78 /* ContainerViewModel.swift */; };
		25CBA25A25E967AC00AFDA7F /* StartView.swift in Sources */ = {isa = PBXBuildFile; fileRef = 25CBA25925E967AC00AFDA7F /* StartView.swift */; };
		25CBA25D25E9687000AFDA7F /* SuccessView.swift in Sources */ = {isa = PBXBuildFile; fileRef = 25CBA25C25E9687000AFDA7F /* SuccessView.swift */; };
		25CBA25F25E968E100AFDA7F /* ErrorView.swift in Sources */ = {isa = PBXBuildFile; fileRef = 25CBA25E25E968E100AFDA7F /* ErrorView.swift */; };
		25DE508725E93BB20045EA15 /* ViewFactory.swift in Sources */ = {isa = PBXBuildFile; fileRef = 25DE508625E93BB20045EA15 /* ViewFactory.swift */; };
/* End PBXBuildFile section */

/* Begin PBXFileReference section */
		2509022A25DD7DA200F7F05C /* SwiftUIDynamicNavigation.app */ = {isa = PBXFileReference; explicitFileType = wrapper.application; includeInIndex = 0; path = SwiftUIDynamicNavigation.app; sourceTree = BUILT_PRODUCTS_DIR; };
		2509022D25DD7DA200F7F05C /* SwiftUIDynamicNavigationApp.swift */ = {isa = PBXFileReference; lastKnownFileType = sourcecode.swift; path = SwiftUIDynamicNavigationApp.swift; sourceTree = "<group>"; };
		2509022F25DD7DA200F7F05C /* ContentView.swift */ = {isa = PBXFileReference; lastKnownFileType = sourcecode.swift; path = ContentView.swift; sourceTree = "<group>"; };
		2509023125DD7DA400F7F05C /* Assets.xcassets */ = {isa = PBXFileReference; lastKnownFileType = folder.assetcatalog; path = Assets.xcassets; sourceTree = "<group>"; };
		2509023425DD7DA400F7F05C /* Preview Assets.xcassets */ = {isa = PBXFileReference; lastKnownFileType = folder.assetcatalog; path = "Preview Assets.xcassets"; sourceTree = "<group>"; };
		2509023625DD7DA400F7F05C /* Info.plist */ = {isa = PBXFileReference; lastKnownFileType = text.plist.xml; path = Info.plist; sourceTree = "<group>"; };
		2509023C25DD7E0900F7F05C /* Coordinator.swift */ = {isa = PBXFileReference; lastKnownFileType = sourcecode.swift; path = Coordinator.swift; sourceTree = "<group>"; };
		2509024025DD7E5E00F7F05C /* AppState.swift */ = {isa = PBXFileReference; lastKnownFileType = sourcecode.swift; path = AppState.swift; sourceTree = "<group>"; };
		25B569F025F12C59005E6E78 /* ContainerView.swift */ = {isa = PBXFileReference; lastKnownFileType = sourcecode.swift; path = ContainerView.swift; sourceTree = "<group>"; };
		25B569F225F23BC4005E6E78 /* ProgressView.swift */ = {isa = PBXFileReference; lastKnownFileType = sourcecode.swift; path = ProgressView.swift; sourceTree = "<group>"; };
		25B569F425F23CBB005E6E78 /* ActionsHandler.swift */ = {isa = PBXFileReference; lastKnownFileType = sourcecode.swift; path = ActionsHandler.swift; sourceTree = "<group>"; };
		25B569F625F28E1B005E6E78 /* ContainerViewModel.swift */ = {isa = PBXFileReference; lastKnownFileType = sourcecode.swift; path = ContainerViewModel.swift; sourceTree = "<group>"; };
		25CBA25925E967AC00AFDA7F /* StartView.swift */ = {isa = PBXFileReference; lastKnownFileType = sourcecode.swift; path = StartView.swift; sourceTree = "<group>"; };
		25CBA25C25E9687000AFDA7F /* SuccessView.swift */ = {isa = PBXFileReference; lastKnownFileType = sourcecode.swift; path = SuccessView.swift; sourceTree = "<group>"; };
		25CBA25E25E968E100AFDA7F /* ErrorView.swift */ = {isa = PBXFileReference; lastKnownFileType = sourcecode.swift; path = ErrorView.swift; sourceTree = "<group>"; };
		25DE508625E93BB20045EA15 /* ViewFactory.swift */ = {isa = PBXFileReference; lastKnownFileType = sourcecode.swift; path = ViewFactory.swift; sourceTree = "<group>"; };
/* End PBXFileReference section */

/* Begin PBXFrameworksBuildPhase section */
		2509022725DD7DA200F7F05C /* Frameworks */ = {
			isa = PBXFrameworksBuildPhase;
			buildActionMask = 2147483647;
			files = (
			);
			runOnlyForDeploymentPostprocessing = 0;
		};
/* End PBXFrameworksBuildPhase section */

/* Begin PBXGroup section */
		2509022125DD7DA200F7F05C = {
			isa = PBXGroup;
			children = (
				2509022C25DD7DA200F7F05C /* SwiftUIDynamicNavigation */,
				2509022B25DD7DA200F7F05C /* Products */,
			);
			sourceTree = "<group>";
		};
		2509022B25DD7DA200F7F05C /* Products */ = {
			isa = PBXGroup;
			children = (
				2509022A25DD7DA200F7F05C /* SwiftUIDynamicNavigation.app */,
			);
			name = Products;
			sourceTree = "<group>";
		};
		2509022C25DD7DA200F7F05C /* SwiftUIDynamicNavigation */ = {
			isa = PBXGroup;
			children = (
				25B569F425F23CBB005E6E78 /* ActionsHandler.swift */,
				2509024025DD7E5E00F7F05C /* AppState.swift */,
				25B569F625F28E1B005E6E78 /* ContainerViewModel.swift */,
				2509023C25DD7E0900F7F05C /* Coordinator.swift */,
				25CBA25B25E967B400AFDA7F /* Views */,
				2509022D25DD7DA200F7F05C /* SwiftUIDynamicNavigationApp.swift */,
				25DE508625E93BB20045EA15 /* ViewFactory.swift */,
				2509023125DD7DA400F7F05C /* Assets.xcassets */,
				2509023625DD7DA400F7F05C /* Info.plist */,
				2509023325DD7DA400F7F05C /* Preview Content */,
			);
			path = SwiftUIDynamicNavigation;
			sourceTree = "<group>";
		};
		2509023325DD7DA400F7F05C /* Preview Content */ = {
			isa = PBXGroup;
			children = (
				2509023425DD7DA400F7F05C /* Preview Assets.xcassets */,
			);
			path = "Preview Content";
			sourceTree = "<group>";
		};
		25CBA25B25E967B400AFDA7F /* Views */ = {
			isa = PBXGroup;
			children = (
				25B569F025F12C59005E6E78 /* ContainerView.swift */,
				2509022F25DD7DA200F7F05C /* ContentView.swift */,
				25CBA25E25E968E100AFDA7F /* ErrorView.swift */,
				25B569F225F23BC4005E6E78 /* ProgressView.swift */,
				25CBA25925E967AC00AFDA7F /* StartView.swift */,
				25CBA25C25E9687000AFDA7F /* SuccessView.swift */,
			);
			path = Views;
			sourceTree = "<group>";
		};
/* End PBXGroup section */

/* Begin PBXNativeTarget section */
		2509022925DD7DA200F7F05C /* SwiftUIDynamicNavigation */ = {
			isa = PBXNativeTarget;
			buildConfigurationList = 2509023925DD7DA400F7F05C /* Build configuration list for PBXNativeTarget "SwiftUIDynamicNavigation" */;
			buildPhases = (
				2509022625DD7DA200F7F05C /* Sources */,
				2509022725DD7DA200F7F05C /* Frameworks */,
				2509022825DD7DA200F7F05C /* Resources */,
			);
			buildRules = (
			);
			dependencies = (
			);
			name = SwiftUIDynamicNavigation;
			productName = SwiftUIDynamicNavigation;
			productReference = 2509022A25DD7DA200F7F05C /* SwiftUIDynamicNavigation.app */;
			productType = "com.apple.product-type.application";
		};
/* End PBXNativeTarget section */

/* Begin PBXProject section */
		2509022225DD7DA200F7F05C /* Project object */ = {
			isa = PBXProject;
			attributes = {
				LastSwiftUpdateCheck = 1250;
				LastUpgradeCheck = 1250;
				TargetAttributes = {
					2509022925DD7DA200F7F05C = {
						CreatedOnToolsVersion = 12.5;
					};
				};
			};
			buildConfigurationList = 2509022525DD7DA200F7F05C /* Build configuration list for PBXProject "SwiftUIDynamicNavigation" */;
			compatibilityVersion = "Xcode 9.3";
			developmentRegion = en;
			hasScannedForEncodings = 0;
			knownRegions = (
				en,
				Base,
			);
			mainGroup = 2509022125DD7DA200F7F05C;
			productRefGroup = 2509022B25DD7DA200F7F05C /* Products */;
			projectDirPath = "";
			projectRoot = "";
			targets = (
				2509022925DD7DA200F7F05C /* SwiftUIDynamicNavigation */,
			);
		};
/* End PBXProject section */

/* Begin PBXResourcesBuildPhase section */
		2509022825DD7DA200F7F05C /* Resources */ = {
			isa = PBXResourcesBuildPhase;
			buildActionMask = 2147483647;
			files = (
				2509023525DD7DA400F7F05C /* Preview Assets.xcassets in Resources */,
				2509023225DD7DA400F7F05C /* Assets.xcassets in Resources */,
			);
			runOnlyForDeploymentPostprocessing = 0;
		};
/* End PBXResourcesBuildPhase section */

/* Begin PBXSourcesBuildPhase section */
		2509022625DD7DA200F7F05C /* Sources */ = {
			isa = PBXSourcesBuildPhase;
			buildActionMask = 2147483647;
			files = (
				2509023D25DD7E0900F7F05C /* Coordinator.swift in Sources */,
				2509023025DD7DA200F7F05C /* ContentView.swift in Sources */,
				25B569F725F28E1B005E6E78 /* ContainerViewModel.swift in Sources */,
				25B569F125F12C59005E6E78 /* ContainerView.swift in Sources */,
				25DE508725E93BB20045EA15 /* ViewFactory.swift in Sources */,
				25CBA25A25E967AC00AFDA7F /* StartView.swift in Sources */,
				2509022E25DD7DA200F7F05C /* SwiftUIDynamicNavigationApp.swift in Sources */,
				2509024125DD7E5E00F7F05C /* AppState.swift in Sources */,
				25B569F325F23BC4005E6E78 /* ProgressView.swift in Sources */,
				25CBA25D25E9687000AFDA7F /* SuccessView.swift in Sources */,
				25CBA25F25E968E100AFDA7F /* ErrorView.swift in Sources */,
				25B569F525F23CBB005E6E78 /* ActionsHandler.swift in Sources */,
			);
			runOnlyForDeploymentPostprocessing = 0;
		};
/* End PBXSourcesBuildPhase section */

/* Begin XCBuildConfiguration section */
		2509023725DD7DA400F7F05C /* Debug */ = {
			isa = XCBuildConfiguration;
			buildSettings = {
				ALWAYS_SEARCH_USER_PATHS = NO;
				CLANG_ANALYZER_NONNULL = YES;
				CLANG_ANALYZER_NUMBER_OBJECT_CONVERSION = YES_AGGRESSIVE;
				CLANG_CXX_LANGUAGE_STANDARD = "gnu++14";
				CLANG_CXX_LIBRARY = "libc++";
				CLANG_ENABLE_MODULES = YES;
				CLANG_ENABLE_OBJC_ARC = YES;
				CLANG_ENABLE_OBJC_WEAK = YES;
				CLANG_WARN_BLOCK_CAPTURE_AUTORELEASING = YES;
				CLANG_WARN_BOOL_CONVERSION = YES;
				CLANG_WARN_COMMA = YES;
				CLANG_WARN_CONSTANT_CONVERSION = YES;
				CLANG_WARN_DEPRECATED_OBJC_IMPLEMENTATIONS = YES;
				CLANG_WARN_DIRECT_OBJC_ISA_USAGE = YES_ERROR;
				CLANG_WARN_DOCUMENTATION_COMMENTS = YES;
				CLANG_WARN_EMPTY_BODY = YES;
				CLANG_WARN_ENUM_CONVERSION = YES;
				CLANG_WARN_INFINITE_RECURSION = YES;
				CLANG_WARN_INT_CONVERSION = YES;
				CLANG_WARN_NON_LITERAL_NULL_CONVERSION = YES;
				CLANG_WARN_OBJC_IMPLICIT_RETAIN_SELF = YES;
				CLANG_WARN_OBJC_LITERAL_CONVERSION = YES;
				CLANG_WARN_OBJC_ROOT_CLASS = YES_ERROR;
				CLANG_WARN_QUOTED_INCLUDE_IN_FRAMEWORK_HEADER = YES;
				CLANG_WARN_RANGE_LOOP_ANALYSIS = YES;
				CLANG_WARN_STRICT_PROTOTYPES = YES;
				CLANG_WARN_SUSPICIOUS_MOVE = YES;
				CLANG_WARN_UNGUARDED_AVAILABILITY = YES_AGGRESSIVE;
				CLANG_WARN_UNREACHABLE_CODE = YES;
				CLANG_WARN__DUPLICATE_METHOD_MATCH = YES;
				COPY_PHASE_STRIP = NO;
				DEBUG_INFORMATION_FORMAT = dwarf;
				ENABLE_STRICT_OBJC_MSGSEND = YES;
				ENABLE_TESTABILITY = YES;
				GCC_C_LANGUAGE_STANDARD = gnu11;
				GCC_DYNAMIC_NO_PIC = NO;
				GCC_NO_COMMON_BLOCKS = YES;
				GCC_OPTIMIZATION_LEVEL = 0;
				GCC_PREPROCESSOR_DEFINITIONS = (
					"DEBUG=1",
					"$(inherited)",
				);
				GCC_WARN_64_TO_32_BIT_CONVERSION = YES;
				GCC_WARN_ABOUT_RETURN_TYPE = YES_ERROR;
				GCC_WARN_UNDECLARED_SELECTOR = YES;
				GCC_WARN_UNINITIALIZED_AUTOS = YES_AGGRESSIVE;
				GCC_WARN_UNUSED_FUNCTION = YES;
				GCC_WARN_UNUSED_VARIABLE = YES;
				IPHONEOS_DEPLOYMENT_TARGET = 14.5;
				MTL_ENABLE_DEBUG_INFO = INCLUDE_SOURCE;
				MTL_FAST_MATH = YES;
				ONLY_ACTIVE_ARCH = YES;
				SDKROOT = iphoneos;
				SWIFT_ACTIVE_COMPILATION_CONDITIONS = DEBUG;
				SWIFT_OPTIMIZATION_LEVEL = "-Onone";
			};
			name = Debug;
		};
		2509023825DD7DA400F7F05C /* Release */ = {
			isa = XCBuildConfiguration;
			buildSettings = {
				ALWAYS_SEARCH_USER_PATHS = NO;
				CLANG_ANALYZER_NONNULL = YES;
				CLANG_ANALYZER_NUMBER_OBJECT_CONVERSION = YES_AGGRESSIVE;
				CLANG_CXX_LANGUAGE_STANDARD = "gnu++14";
				CLANG_CXX_LIBRARY = "libc++";
				CLANG_ENABLE_MODULES = YES;
				CLANG_ENABLE_OBJC_ARC = YES;
				CLANG_ENABLE_OBJC_WEAK = YES;
				CLANG_WARN_BLOCK_CAPTURE_AUTORELEASING = YES;
				CLANG_WARN_BOOL_CONVERSION = YES;
				CLANG_WARN_COMMA = YES;
				CLANG_WARN_CONSTANT_CONVERSION = YES;
				CLANG_WARN_DEPRECATED_OBJC_IMPLEMENTATIONS = YES;
				CLANG_WARN_DIRECT_OBJC_ISA_USAGE = YES_ERROR;
				CLANG_WARN_DOCUMENTATION_COMMENTS = YES;
				CLANG_WARN_EMPTY_BODY = YES;
				CLANG_WARN_ENUM_CONVERSION = YES;
				CLANG_WARN_INFINITE_RECURSION = YES;
				CLANG_WARN_INT_CONVERSION = YES;
				CLANG_WARN_NON_LITERAL_NULL_CONVERSION = YES;
				CLANG_WARN_OBJC_IMPLICIT_RETAIN_SELF = YES;
				CLANG_WARN_OBJC_LITERAL_CONVERSION = YES;
				CLANG_WARN_OBJC_ROOT_CLASS = YES_ERROR;
				CLANG_WARN_QUOTED_INCLUDE_IN_FRAMEWORK_HEADER = YES;
				CLANG_WARN_RANGE_LOOP_ANALYSIS = YES;
				CLANG_WARN_STRICT_PROTOTYPES = YES;
				CLANG_WARN_SUSPICIOUS_MOVE = YES;
				CLANG_WARN_UNGUARDED_AVAILABILITY = YES_AGGRESSIVE;
				CLANG_WARN_UNREACHABLE_CODE = YES;
				CLANG_WARN__DUPLICATE_METHOD_MATCH = YES;
				COPY_PHASE_STRIP = NO;
				DEBUG_INFORMATION_FORMAT = "dwarf-with-dsym";
				ENABLE_NS_ASSERTIONS = NO;
				ENABLE_STRICT_OBJC_MSGSEND = YES;
				GCC_C_LANGUAGE_STANDARD = gnu11;
				GCC_NO_COMMON_BLOCKS = YES;
				GCC_WARN_64_TO_32_BIT_CONVERSION = YES;
				GCC_WARN_ABOUT_RETURN_TYPE = YES_ERROR;
				GCC_WARN_UNDECLARED_SELECTOR = YES;
				GCC_WARN_UNINITIALIZED_AUTOS = YES_AGGRESSIVE;
				GCC_WARN_UNUSED_FUNCTION = YES;
				GCC_WARN_UNUSED_VARIABLE = YES;
				IPHONEOS_DEPLOYMENT_TARGET = 14.5;
				MTL_ENABLE_DEBUG_INFO = NO;
				MTL_FAST_MATH = YES;
				SDKROOT = iphoneos;
				SWIFT_COMPILATION_MODE = wholemodule;
				SWIFT_OPTIMIZATION_LEVEL = "-O";
				VALIDATE_PRODUCT = YES;
			};
			name = Release;
		};
		2509023A25DD7DA400F7F05C /* Debug */ = {
			isa = XCBuildConfiguration;
			buildSettings = {
				ASSETCATALOG_COMPILER_APPICON_NAME = AppIcon;
				ASSETCATALOG_COMPILER_GLOBAL_ACCENT_COLOR_NAME = AccentColor;
				CODE_SIGN_STYLE = Automatic;
				DEVELOPMENT_ASSET_PATHS = "\"SwiftUIDynamicNavigation/Preview Content\"";
				DEVELOPMENT_TEAM = EMNHGG4C7C;
				ENABLE_PREVIEWS = YES;
				INFOPLIST_FILE = SwiftUIDynamicNavigation/Info.plist;
				IPHONEOS_DEPLOYMENT_TARGET = 14.0;
				LD_RUNPATH_SEARCH_PATHS = (
					"$(inherited)",
					"@executable_path/Frameworks",
				);
				PRODUCT_BUNDLE_IDENTIFIER = com.gfrigerio.SwiftUIDynamicNavigation;
				PRODUCT_NAME = "$(TARGET_NAME)";
				SWIFT_VERSION = 5.0;
				TARGETED_DEVICE_FAMILY = "1,2";
			};
			name = Debug;
		};
		2509023B25DD7DA400F7F05C /* Release */ = {
			isa = XCBuildConfiguration;
			buildSettings = {
				ASSETCATALOG_COMPILER_APPICON_NAME = AppIcon;
				ASSETCATALOG_COMPILER_GLOBAL_ACCENT_COLOR_NAME = AccentColor;
				CODE_SIGN_STYLE = Automatic;
				DEVELOPMENT_ASSET_PATHS = "\"SwiftUIDynamicNavigation/Preview Content\"";
				DEVELOPMENT_TEAM = EMNHGG4C7C;
				ENABLE_PREVIEWS = YES;
				INFOPLIST_FILE = SwiftUIDynamicNavigation/Info.plist;
				IPHONEOS_DEPLOYMENT_TARGET = 14.0;
				LD_RUNPATH_SEARCH_PATHS = (
					"$(inherited)",
					"@executable_path/Frameworks",
				);
				PRODUCT_BUNDLE_IDENTIFIER = com.gfrigerio.SwiftUIDynamicNavigation;
				PRODUCT_NAME = "$(TARGET_NAME)";
				SWIFT_VERSION = 5.0;
				TARGETED_DEVICE_FAMILY = "1,2";
			};
			name = Release;
		};
/* End XCBuildConfiguration section */

/* Begin XCConfigurationList section */
		2509022525DD7DA200F7F05C /* Build configuration list for PBXProject "SwiftUIDynamicNavigation" */ = {
			isa = XCConfigurationList;
			buildConfigurations = (
				2509023725DD7DA400F7F05C /* Debug */,
				2509023825DD7DA400F7F05C /* Release */,
			);
			defaultConfigurationIsVisible = 0;
			defaultConfigurationName = Release;
		};
		2509023925DD7DA400F7F05C /* Build configuration list for PBXNativeTarget "SwiftUIDynamicNavigation" */ = {
			isa = XCConfigurationList;
			buildConfigurations = (
				2509023A25DD7DA400F7F05C /* Debug */,
				2509023B25DD7DA400F7F05C /* Release */,
			);
			defaultConfigurationIsVisible = 0;
			defaultConfigurationName = Release;
		};
/* End XCConfigurationList section */
	};
	rootObject = 2509022225DD7DA200F7F05C /* Project object */;
}
